# Generated by pub
# See http://pub.dartlang.org/doc/glossary.html#lockfile
packages:
  async:
    description:
      name: async
      url: "https://pub.dartlang.org"
    source: hosted
    version: "1.13.3"
  charcode:
    description:
      name: charcode
      url: "https://pub.dartlang.org"
    source: hosted
    version: "1.1.1"
  collection:
    description:
      name: collection
      url: "https://pub.dartlang.org"
    source: hosted
    version: "1.14.3"
  firebase_analytics:
    description:
      name: firebase_analytics
      url: "https://pub.dartlang.org"
    source: hosted
    version: "0.0.4"
  firebase_auth:
    description:
      name: firebase_auth
      url: "https://pub.dartlang.org"
    source: hosted
    version: "0.2.0"
  firebase_database:
    description:
      name: firebase_database
      url: "https://pub.dartlang.org"
    source: hosted
    version: "0.0.12"
  firebase_storage:
    description:
      name: firebase_storage
      url: "https://pub.dartlang.org"
    source: hosted
    version: "0.0.5"
  flutter:
    description: flutter
    source: sdk
    version: "0.0.38"
  google_sign_in:
    description:
      name: google_sign_in
      url: "https://pub.dartlang.org"
    source: hosted
    version: "0.3.1"
  http:
    description:
      name: http
      url: "https://pub.dartlang.org"
    source: hosted
    version: "0.11.3+14"
  http_parser:
    description:
      name: http_parser
      url: "https://pub.dartlang.org"
    source: hosted
    version: "3.1.1"
  image_picker:
    description:
      name: image_picker
      url: "https://pub.dartlang.org"
    source: hosted
    version: "0.1.1"
  meta:
    description:
      name: meta
      url: "https://pub.dartlang.org"
    source: hosted
    version: "1.1.1"
  path:
    description:
      name: path
      url: "https://pub.dartlang.org"
    source: hosted
    version: "1.5.1"
  sky_engine:
    description:
      path: "../../../flutter/bin/cache/pkg/sky_engine"
      relative: true
    source: path
    version: "0.0.99"
  source_span:
    description:
      name: source_span
      url: "https://pub.dartlang.org"
    source: hosted
    version: "1.4.0"
  stack_trace:
    description:
      name: stack_trace
      url: "https://pub.dartlang.org"
    source: hosted
    version: "1.9.1"
  string_scanner:
    description:
      name: string_scanner
      url: "https://pub.dartlang.org"
    source: hosted
    version: "1.0.2"
  typed_data:
    description:
      name: typed_data
      url: "https://pub.dartlang.org"
    source: hosted
    version: "1.1.4"
  vector_math:
    description:
      name: vector_math
      url: "https://pub.dartlang.org"
    source: hosted
    version: "2.0.5"
sdks:
  dart: ">=1.23.0 <2.0.0-dev.infinity"
